
Microsoft Visual Studio Solution File, Format Version 12.00
# Visual Studio Version 16
VisualStudioVersion = 16.0.30717.126
MinimumVisualStudioVersion = 10.0.40219.1
Project("{FAE04EC0-301F-11D3-BF4B-00C04F79EFBC}") = "Bellman-Ford", "Bellman-Ford\Bellman-Ford.csproj", "{7FAA0783-9DA9-4B7F-9918-E5C2EDE81995}"
EndProject
Global
	GlobalSection(SolutionConfigurationPlatforms) = preSolution
		Debug|Any CPU = Debug|Any CPU
		Release|Any CPU = Release|Any CPU
	EndGlobalSection
	GlobalSection(ProjectConfigurationPlatforms) = postSolution
		{7FAA0783-9DA9-4B7F-9918-E5C2EDE81995}.Debug|Any CPU.ActiveCfg = Debug|Any CPU
		{7FAA0783-9DA9-4B7F-9918-E5C2EDE81995}.Debug|Any CPU.Build.0 = Debug|Any CPU
		{7FAA0783-9DA9-4B7F-9918-E5C2EDE81995}.Release|Any CPU.ActiveCfg = Release|Any CPU
		{7FAA0783-9DA9-4B7F-9918-E5C2EDE81995}.Release|Any CPU.Build.0 = Release|Any CPU
	EndGlobalSection
	GlobalSection(SolutionProperties) = preSolution
		HideSolutionNode = FALSE
	EndGlobalSection
	GlobalSection(ExtensibilityGlobals) = postSolution
		SolutionGuid = {395C4E8E-2D5E-4CA9-AA5A-8AC7A1D37909}
	EndGlobalSection
EndGlobal
